
Microsoft Visual Studio Solution File, Format Version 12.00
# Visual Studio 15
VisualStudioVersion = 15.0.27428.2002
MinimumVisualStudioVersion = 10.0.40219.1
Project("{FAE04EC0-301F-11D3-BF4B-00C04F79EFBC}") = "MBran.Textbox.DefaultValue", "src\MBran.Textbox.DefaultValue\MBran.Textbox.DefaultValue.csproj", "{B89C4D42-3974-4C77-ABEB-AEFD55207275}"
EndProject
Project("{FAE04EC0-301F-11D3-BF4B-00C04F79EFBC}") = "MBran.Textbox.DefaultValue.Test", "src\MBran.Textbox.DefaultValue.Test\MBran.Textbox.DefaultValue.Test.csproj", "{6BFE2EBF-2DF8-4DBE-BBB4-8E3542D5546F}"
EndProject
Global
	GlobalSection(SolutionConfigurationPlatforms) = preSolution
		Debug|Any CPU = Debug|Any CPU
		Release|Any CPU = Release|Any CPU
	EndGlobalSection
	GlobalSection(ProjectConfigurationPlatforms) = postSolution
		{B89C4D42-3974-4C77-ABEB-AEFD55207275}.Debug|Any CPU.ActiveCfg = Debug|Any CPU
		{B89C4D42-3974-4C77-ABEB-AEFD55207275}.Debug|Any CPU.Build.0 = Debug|Any CPU
		{B89C4D42-3974-4C77-ABEB-AEFD55207275}.Release|Any CPU.ActiveCfg = Release|Any CPU
		{B89C4D42-3974-4C77-ABEB-AEFD55207275}.Release|Any CPU.Build.0 = Release|Any CPU
		{6BFE2EBF-2DF8-4DBE-BBB4-8E3542D5546F}.Debug|Any CPU.ActiveCfg = Debug|Any CPU
		{6BFE2EBF-2DF8-4DBE-BBB4-8E3542D5546F}.Debug|Any CPU.Build.0 = Debug|Any CPU
		{6BFE2EBF-2DF8-4DBE-BBB4-8E3542D5546F}.Release|Any CPU.ActiveCfg = Release|Any CPU
		{6BFE2EBF-2DF8-4DBE-BBB4-8E3542D5546F}.Release|Any CPU.Build.0 = Release|Any CPU
	EndGlobalSection
	GlobalSection(SolutionProperties) = preSolution
		HideSolutionNode = FALSE
	EndGlobalSection
	GlobalSection(ExtensibilityGlobals) = postSolution
		SolutionGuid = {25177CA6-AAEA-425A-BFE7-C7237FFCAD61}
	EndGlobalSection
EndGlobal
